{
  "name": "@xuejihong-cli/core",
  "version": "1.0.5",
  "lockfileVersion": 2,
  "requires": true,
  "packages": {
    "": {
      "name": "@xuejihong-cli/core",
      "version": "1.0.5",
      "license": "ISC",
      "dependencies": {
        "@xuejihong-cli/utils": "^1.0.5"
      },
      "bin": {
        "xue": "bin/index.js"
      }
    },
    "node_modules/@xuejihong-cli/utils": {
      "version": "1.0.5",
      "resolved": "https://registry.npmjs.org/@xuejihong-cli/utils/-/utils-1.0.5.tgz",
      "integrity": "sha512-7HMiOnbL0gsgPMt/TY5KEcb1qb/rBfpF4R31H+VeiiAEWemhsJv4LL639ofz1v2BsI85z5BAVGzH4bqbuiHvJQ=="
    }
  },
  "dependencies": {
    "@xuejihong-cli/utils": {
      "version": "1.0.5",
      "resolved": "https://registry.npmjs.org/@xuejihong-cli/utils/-/utils-1.0.5.tgz",
      "integrity": "sha512-7HMiOnbL0gsgPMt/TY5KEcb1qb/rBfpF4R31H+VeiiAEWemhsJv4LL639ofz1v2BsI85z5BAVGzH4bqbuiHvJQ=="
    }
  }
}
